
Microsoft Visual Studio Solution File, Format Version 12.00
# Visual Studio Version 16
VisualStudioVersion = 16.0.32228.343
MinimumVisualStudioVersion = 10.0.40219.1
Project("{FAE04EC0-301F-11D3-BF4B-00C04F79EFBC}") = "TriviumTest", "TriviumTest\TriviumTest.csproj", "{CBD30A98-AE23-489B-9C9B-8B8008E3C87F}"
EndProject
Global
	GlobalSection(SolutionConfigurationPlatforms) = preSolution
		Debug|Any CPU = Debug|Any CPU
		Release|Any CPU = Release|Any CPU
	EndGlobalSection
	GlobalSection(ProjectConfigurationPlatforms) = postSolution
		{CBD30A98-AE23-489B-9C9B-8B8008E3C87F}.Debug|Any CPU.ActiveCfg = Debug|Any CPU
		{CBD30A98-AE23-489B-9C9B-8B8008E3C87F}.Debug|Any CPU.Build.0 = Debug|Any CPU
		{CBD30A98-AE23-489B-9C9B-8B8008E3C87F}.Release|Any CPU.ActiveCfg = Release|Any CPU
		{CBD30A98-AE23-489B-9C9B-8B8008E3C87F}.Release|Any CPU.Build.0 = Release|Any CPU
	EndGlobalSection
	GlobalSection(SolutionProperties) = preSolution
		HideSolutionNode = FALSE
	EndGlobalSection
	GlobalSection(ExtensibilityGlobals) = postSolution
		SolutionGuid = {2BD51F1A-1DE2-4DA8-9D7A-70C0968F7960}
	EndGlobalSection
EndGlobal
